
Microsoft Visual Studio Solution File, Format Version 12.00
# Visual Studio Version 17
VisualStudioVersion = 17.2.32516.85
MinimumVisualStudioVersion = 10.0.40219.1
Project("{FAE04EC0-301F-11D3-BF4B-00C04F79EFBC}") = "RunGroupWebApp", "RunGroupWebApp\RunGroupWebApp.csproj", "{5647D37A-5751-4860-BB15-FC84F228829B}"
EndProject
Global
	GlobalSection(SolutionConfigurationPlatforms) = preSolution
		Debug|Any CPU = Debug|Any CPU
		Release|Any CPU = Release|Any CPU
	EndGlobalSection
	GlobalSection(ProjectConfigurationPlatforms) = postSolution
		{5647D37A-5751-4860-BB15-FC84F228829B}.Debug|Any CPU.ActiveCfg = Debug|Any CPU
		{5647D37A-5751-4860-BB15-FC84F228829B}.Debug|Any CPU.Build.0 = Debug|Any CPU
		{5647D37A-5751-4860-BB15-FC84F228829B}.Release|Any CPU.ActiveCfg = Release|Any CPU
		{5647D37A-5751-4860-BB15-FC84F228829B}.Release|Any CPU.Build.0 = Release|Any CPU
	EndGlobalSection
	GlobalSection(SolutionProperties) = preSolution
		HideSolutionNode = FALSE
	EndGlobalSection
	GlobalSection(ExtensibilityGlobals) = postSolution
		SolutionGuid = {72DEA4E2-3525-4DF1-B35D-20F3C058C6BA}
	EndGlobalSection
EndGlobal
